
Microsoft Visual Studio Solution File, Format Version 12.00
# Visual Studio Version 17
VisualStudioVersion = 17.8.34511.84
MinimumVisualStudioVersion = 10.0.40219.1
Project("{9A19103F-16F7-4668-BE54-9A1E7A4F7556}") = "SAT.DATA.EF", "SAT.DATA.EF\SAT.DATA.EF.csproj", "{F671DDD4-5793-4782-8E6D-F8FC0177A081}"
EndProject
Project("{FAE04EC0-301F-11D3-BF4B-00C04F79EFBC}") = "SAT.UI.MVC", "SAT.UI.MVC\SAT.UI.MVC.csproj", "{4E1335D0-5AD0-40CD-B868-DD2B4C2C4F56}"
EndProject
Global
	GlobalSection(SolutionConfigurationPlatforms) = preSolution
		Debug|Any CPU = Debug|Any CPU
		Release|Any CPU = Release|Any CPU
	EndGlobalSection
	GlobalSection(ProjectConfigurationPlatforms) = postSolution
		{F671DDD4-5793-4782-8E6D-F8FC0177A081}.Debug|Any CPU.ActiveCfg = Debug|Any CPU
		{F671DDD4-5793-4782-8E6D-F8FC0177A081}.Debug|Any CPU.Build.0 = Debug|Any CPU
		{F671DDD4-5793-4782-8E6D-F8FC0177A081}.Release|Any CPU.ActiveCfg = Release|Any CPU
		{F671DDD4-5793-4782-8E6D-F8FC0177A081}.Release|Any CPU.Build.0 = Release|Any CPU
		{4E1335D0-5AD0-40CD-B868-DD2B4C2C4F56}.Debug|Any CPU.ActiveCfg = Debug|Any CPU
		{4E1335D0-5AD0-40CD-B868-DD2B4C2C4F56}.Debug|Any CPU.Build.0 = Debug|Any CPU
		{4E1335D0-5AD0-40CD-B868-DD2B4C2C4F56}.Release|Any CPU.ActiveCfg = Release|Any CPU
		{4E1335D0-5AD0-40CD-B868-DD2B4C2C4F56}.Release|Any CPU.Build.0 = Release|Any CPU
	EndGlobalSection
	GlobalSection(SolutionProperties) = preSolution
		HideSolutionNode = FALSE
	EndGlobalSection
	GlobalSection(ExtensibilityGlobals) = postSolution
		SolutionGuid = {F51EF2E1-2FE8-441B-BE8F-3FCEAE362282}
	EndGlobalSection
EndGlobal
